
Microsoft Visual Studio Solution File, Format Version 11.00
# Visual Studio 2010
Project("{FAE04EC0-301F-11D3-BF4B-00C04F79EFBC}") = "Inkognitor", "Inkognitor\Inkognitor.csproj", "{EE59B03D-6BBD-457B-B05A-02194CCE2BF5}"
EndProject
Project("{FAE04EC0-301F-11D3-BF4B-00C04F79EFBC}") = "Hacking", "Hacking\Hacking.csproj", "{9276E761-D5B3-4A07-BC37-213CE62C66F2}"
EndProject
Project("{FAE04EC0-301F-11D3-BF4B-00C04F79EFBC}") = "HackingTest", "HackingTest\HackingTest.csproj", "{42D5D5B1-9E05-4533-B39E-5D08062CFA17}"
EndProject
Project("{FAE04EC0-301F-11D3-BF4B-00C04F79EFBC}") = "BotTest", "BotTest\BotTest.csproj", "{6144D27E-64C2-4B95-925C-5038A2C76D79}"
EndProject
Project("{FAE04EC0-301F-11D3-BF4B-00C04F79EFBC}") = "SerialIO", "SerialIO\SerialIO.csproj", "{945D1981-8596-4258-BB42-7A060954B277}"
EndProject
Global
	GlobalSection(SolutionConfigurationPlatforms) = preSolution
		Debug|Any CPU = Debug|Any CPU
		Debug|Mixed Platforms = Debug|Mixed Platforms
		Debug|x86 = Debug|x86
		Release|Any CPU = Release|Any CPU
		Release|Mixed Platforms = Release|Mixed Platforms
		Release|x86 = Release|x86
	EndGlobalSection
	GlobalSection(ProjectConfigurationPlatforms) = postSolution
		{EE59B03D-6BBD-457B-B05A-02194CCE2BF5}.Debug|Any CPU.ActiveCfg = Debug|x86
		{EE59B03D-6BBD-457B-B05A-02194CCE2BF5}.Debug|Mixed Platforms.ActiveCfg = Debug|x86
		{EE59B03D-6BBD-457B-B05A-02194CCE2BF5}.Debug|Mixed Platforms.Build.0 = Debug|x86
		{EE59B03D-6BBD-457B-B05A-02194CCE2BF5}.Debug|x86.ActiveCfg = Debug|x86
		{EE59B03D-6BBD-457B-B05A-02194CCE2BF5}.Debug|x86.Build.0 = Debug|x86
		{EE59B03D-6BBD-457B-B05A-02194CCE2BF5}.Release|Any CPU.ActiveCfg = Release|x86
		{EE59B03D-6BBD-457B-B05A-02194CCE2BF5}.Release|Mixed Platforms.ActiveCfg = Release|x86
		{EE59B03D-6BBD-457B-B05A-02194CCE2BF5}.Release|Mixed Platforms.Build.0 = Release|x86
		{EE59B03D-6BBD-457B-B05A-02194CCE2BF5}.Release|x86.ActiveCfg = Release|x86
		{EE59B03D-6BBD-457B-B05A-02194CCE2BF5}.Release|x86.Build.0 = Release|x86
		{9276E761-D5B3-4A07-BC37-213CE62C66F2}.Debug|Any CPU.ActiveCfg = Debug|Any CPU
		{9276E761-D5B3-4A07-BC37-213CE62C66F2}.Debug|Any CPU.Build.0 = Debug|Any CPU
		{9276E761-D5B3-4A07-BC37-213CE62C66F2}.Debug|Mixed Platforms.ActiveCfg = Debug|Any CPU
		{9276E761-D5B3-4A07-BC37-213CE62C66F2}.Debug|Mixed Platforms.Build.0 = Debug|Any CPU
		{9276E761-D5B3-4A07-BC37-213CE62C66F2}.Debug|x86.ActiveCfg = Debug|Any CPU
		{9276E761-D5B3-4A07-BC37-213CE62C66F2}.Release|Any CPU.ActiveCfg = Release|Any CPU
		{9276E761-D5B3-4A07-BC37-213CE62C66F2}.Release|Any CPU.Build.0 = Release|Any CPU
		{9276E761-D5B3-4A07-BC37-213CE62C66F2}.Release|Mixed Platforms.ActiveCfg = Release|Any CPU
		{9276E761-D5B3-4A07-BC37-213CE62C66F2}.Release|Mixed Platforms.Build.0 = Release|Any CPU
		{9276E761-D5B3-4A07-BC37-213CE62C66F2}.Release|x86.ActiveCfg = Release|Any CPU
		{42D5D5B1-9E05-4533-B39E-5D08062CFA17}.Debug|Any CPU.ActiveCfg = Debug|x86
		{42D5D5B1-9E05-4533-B39E-5D08062CFA17}.Debug|Mixed Platforms.ActiveCfg = Debug|x86
		{42D5D5B1-9E05-4533-B39E-5D08062CFA17}.Debug|Mixed Platforms.Build.0 = Debug|x86
		{42D5D5B1-9E05-4533-B39E-5D08062CFA17}.Debug|x86.ActiveCfg = Debug|x86
		{42D5D5B1-9E05-4533-B39E-5D08062CFA17}.Debug|x86.Build.0 = Debug|x86
		{42D5D5B1-9E05-4533-B39E-5D08062CFA17}.Release|Any CPU.ActiveCfg = Release|x86
		{42D5D5B1-9E05-4533-B39E-5D08062CFA17}.Release|Mixed Platforms.ActiveCfg = Release|x86
		{42D5D5B1-9E05-4533-B39E-5D08062CFA17}.Release|Mixed Platforms.Build.0 = Release|x86
		{42D5D5B1-9E05-4533-B39E-5D08062CFA17}.Release|x86.ActiveCfg = Release|x86
		{42D5D5B1-9E05-4533-B39E-5D08062CFA17}.Release|x86.Build.0 = Release|x86
		{6144D27E-64C2-4B95-925C-5038A2C76D79}.Debug|Any CPU.ActiveCfg = Debug|x86
		{6144D27E-64C2-4B95-925C-5038A2C76D79}.Debug|Mixed Platforms.ActiveCfg = Debug|x86
		{6144D27E-64C2-4B95-925C-5038A2C76D79}.Debug|Mixed Platforms.Build.0 = Debug|x86
		{6144D27E-64C2-4B95-925C-5038A2C76D79}.Debug|x86.ActiveCfg = Debug|x86
		{6144D27E-64C2-4B95-925C-5038A2C76D79}.Debug|x86.Build.0 = Debug|x86
		{6144D27E-64C2-4B95-925C-5038A2C76D79}.Release|Any CPU.ActiveCfg = Release|x86
		{6144D27E-64C2-4B95-925C-5038A2C76D79}.Release|Mixed Platforms.ActiveCfg = Release|x86
		{6144D27E-64C2-4B95-925C-5038A2C76D79}.Release|Mixed Platforms.Build.0 = Release|x86
		{6144D27E-64C2-4B95-925C-5038A2C76D79}.Release|x86.ActiveCfg = Release|x86
		{6144D27E-64C2-4B95-925C-5038A2C76D79}.Release|x86.Build.0 = Release|x86
		{945D1981-8596-4258-BB42-7A060954B277}.Debug|Any CPU.ActiveCfg = Debug|x86
		{945D1981-8596-4258-BB42-7A060954B277}.Debug|Mixed Platforms.ActiveCfg = Debug|x86
		{945D1981-8596-4258-BB42-7A060954B277}.Debug|Mixed Platforms.Build.0 = Debug|x86
		{945D1981-8596-4258-BB42-7A060954B277}.Debug|x86.ActiveCfg = Debug|x86
		{945D1981-8596-4258-BB42-7A060954B277}.Debug|x86.Build.0 = Debug|x86
		{945D1981-8596-4258-BB42-7A060954B277}.Release|Any CPU.ActiveCfg = Release|x86
		{945D1981-8596-4258-BB42-7A060954B277}.Release|Mixed Platforms.ActiveCfg = Release|x86
		{945D1981-8596-4258-BB42-7A060954B277}.Release|Mixed Platforms.Build.0 = Release|x86
		{945D1981-8596-4258-BB42-7A060954B277}.Release|x86.ActiveCfg = Release|x86
		{945D1981-8596-4258-BB42-7A060954B277}.Release|x86.Build.0 = Release|x86
	EndGlobalSection
	GlobalSection(SolutionProperties) = preSolution
		HideSolutionNode = FALSE
	EndGlobalSection
EndGlobal
